
Microsoft Visual Studio Solution File, Format Version 12.00
# Visual Studio Version 17
VisualStudioVersion = 17.1.32210.238
MinimumVisualStudioVersion = 10.0.40219.1
Project("{9A19103F-16F7-4668-BE54-9A1E7A4F7556}") = "Car_WebApi", "Car_WebApi\Car_WebApi.csproj", "{3A2C1080-1CD1-4256-BC6B-43AD6791A03D}"
EndProject
Project("{9A19103F-16F7-4668-BE54-9A1E7A4F7556}") = "Car_WebApi.Model", "Car_WebApi.Model\Car_WebApi.Model.csproj", "{F220F4AD-D2E3-4BA0-AD17-3B2A04417326}"
EndProject
Project("{9A19103F-16F7-4668-BE54-9A1E7A4F7556}") = "Car_WebApi.DataAccess", "Car_WebApi.DataAccess\Car_WebApi.DataAccess.csproj", "{E81A3B1B-2C43-4F36-9BBA-E80CCD946E37}"
EndProject
Global
	GlobalSection(SolutionConfigurationPlatforms) = preSolution
		Debug|Any CPU = Debug|Any CPU
		Release|Any CPU = Release|Any CPU
	EndGlobalSection
	GlobalSection(ProjectConfigurationPlatforms) = postSolution
		{3A2C1080-1CD1-4256-BC6B-43AD6791A03D}.Debug|Any CPU.ActiveCfg = Debug|Any CPU
		{3A2C1080-1CD1-4256-BC6B-43AD6791A03D}.Debug|Any CPU.Build.0 = Debug|Any CPU
		{3A2C1080-1CD1-4256-BC6B-43AD6791A03D}.Release|Any CPU.ActiveCfg = Release|Any CPU
		{3A2C1080-1CD1-4256-BC6B-43AD6791A03D}.Release|Any CPU.Build.0 = Release|Any CPU
		{F220F4AD-D2E3-4BA0-AD17-3B2A04417326}.Debug|Any CPU.ActiveCfg = Debug|Any CPU
		{F220F4AD-D2E3-4BA0-AD17-3B2A04417326}.Debug|Any CPU.Build.0 = Debug|Any CPU
		{F220F4AD-D2E3-4BA0-AD17-3B2A04417326}.Release|Any CPU.ActiveCfg = Release|Any CPU
		{F220F4AD-D2E3-4BA0-AD17-3B2A04417326}.Release|Any CPU.Build.0 = Release|Any CPU
		{E81A3B1B-2C43-4F36-9BBA-E80CCD946E37}.Debug|Any CPU.ActiveCfg = Debug|Any CPU
		{E81A3B1B-2C43-4F36-9BBA-E80CCD946E37}.Debug|Any CPU.Build.0 = Debug|Any CPU
		{E81A3B1B-2C43-4F36-9BBA-E80CCD946E37}.Release|Any CPU.ActiveCfg = Release|Any CPU
		{E81A3B1B-2C43-4F36-9BBA-E80CCD946E37}.Release|Any CPU.Build.0 = Release|Any CPU
	EndGlobalSection
	GlobalSection(SolutionProperties) = preSolution
		HideSolutionNode = FALSE
	EndGlobalSection
	GlobalSection(ExtensibilityGlobals) = postSolution
		SolutionGuid = {1BA9C474-67F0-49EC-8D61-8F3AFC8A3EA5}
	EndGlobalSection
EndGlobal
